// !$*UTF8*$!
{
	archiveVersion = 1;
	classes = {
	};
	objectVersion = 56;
	objects = {

/* Begin PBXBuildFile section */
		453B80862A31AEFD00E7D9B3 /* Main.storyboard in Resources */ = {isa = PBXBuildFile; fileRef = 453B80842A31AEFD00E7D9B3 /* Main.storyboard */; };
		453B80882A31AEFE00E7D9B3 /* Assets.xcassets in Resources */ = {isa = PBXBuildFile; fileRef = 453B80872A31AEFE00E7D9B3 /* Assets.xcassets */; };
		453B808B2A31AEFE00E7D9B3 /* LaunchScreen.storyboard in Resources */ = {isa = PBXBuildFile; fileRef = 453B80892A31AEFE00E7D9B3 /* LaunchScreen.storyboard */; };
		453B80A02A31AEFE00E7D9B3 /* WeatherHereUITests.swift in Sources */ = {isa = PBXBuildFile; fileRef = 453B809F2A31AEFE00E7D9B3 /* WeatherHereUITests.swift */; };
		453B80A22A31AEFE00E7D9B3 /* WeatherHereUITestsLaunchTests.swift in Sources */ = {isa = PBXBuildFile; fileRef = 453B80A12A31AEFE00E7D9B3 /* WeatherHereUITestsLaunchTests.swift */; };
		453B80B12A31AF2F00E7D9B3 /* AppDelegate.swift in Sources */ = {isa = PBXBuildFile; fileRef = 453B80AF2A31AF2F00E7D9B3 /* AppDelegate.swift */; };
		453B80B22A31AF2F00E7D9B3 /* SceneDelegate.swift in Sources */ = {isa = PBXBuildFile; fileRef = 453B80B02A31AF2F00E7D9B3 /* SceneDelegate.swift */; };
		453B80B92A31B2D900E7D9B3 /* AppCoordinator.swift in Sources */ = {isa = PBXBuildFile; fileRef = 453B80B72A31B2D800E7D9B3 /* AppCoordinator.swift */; };
		453B80BA2A31B2D900E7D9B3 /* WeatherCoordinator.swift in Sources */ = {isa = PBXBuildFile; fileRef = 453B80B82A31B2D800E7D9B3 /* WeatherCoordinator.swift */; };
		453B80D12A31B60B00E7D9B3 /* WeatherAPIService.swift in Sources */ = {isa = PBXBuildFile; fileRef = 453B80D02A31B60B00E7D9B3 /* WeatherAPIService.swift */; };
		453B80D42A31B6C700E7D9B3 /* Configurations.swift in Sources */ = {isa = PBXBuildFile; fileRef = 453B80D22A31B6C700E7D9B3 /* Configurations.swift */; };
		453B80DD2A324C4300E7D9B3 /* XCTestCase.swift in Sources */ = {isa = PBXBuildFile; fileRef = 453B80DC2A324C4300E7D9B3 /* XCTestCase.swift */; };
		453B80DF2A324C9C00E7D9B3 /* WeatherAPIServiceMock.swift in Sources */ = {isa = PBXBuildFile; fileRef = 453B80DE2A324C9C00E7D9B3 /* WeatherAPIServiceMock.swift */; };
		453B80E22A324F8A00E7D9B3 /* weeklyDataStub.json in Resources */ = {isa = PBXBuildFile; fileRef = 453B80E02A324F8A00E7D9B3 /* weeklyDataStub.json */; };
		453B80E32A324F8A00E7D9B3 /* currentWeatherStub.json in Resources */ = {isa = PBXBuildFile; fileRef = 453B80E12A324F8A00E7D9B3 /* currentWeatherStub.json */; };
		453B80E72A3250DD00E7D9B3 /* WeeklyWeatherTests.swift in Sources */ = {isa = PBXBuildFile; fileRef = 453B80E42A3250DD00E7D9B3 /* WeeklyWeatherTests.swift */; };
		453B80E82A3250DD00E7D9B3 /* CurrentWeatherTests.swift in Sources */ = {isa = PBXBuildFile; fileRef = 453B80E52A3250DD00E7D9B3 /* CurrentWeatherTests.swift */; };
		453B80E92A3250DD00E7D9B3 /* WeatherAPIServiceTests.swift in Sources */ = {isa = PBXBuildFile; fileRef = 453B80E62A3250DD00E7D9B3 /* WeatherAPIServiceTests.swift */; };
		453B80F72A327C1C00E7D9B3 /* WeatherForecastViewModel.swift in Sources */ = {isa = PBXBuildFile; fileRef = 453B80EC2A327C1C00E7D9B3 /* WeatherForecastViewModel.swift */; };
		453B80F82A327C1C00E7D9B3 /* CoordinatesModel.swift in Sources */ = {isa = PBXBuildFile; fileRef = 453B80EE2A327C1C00E7D9B3 /* CoordinatesModel.swift */; };
		453B80F92A327C1C00E7D9B3 /* WeatherResponseModel.swift in Sources */ = {isa = PBXBuildFile; fileRef = 453B80EF2A327C1C00E7D9B3 /* WeatherResponseModel.swift */; };
		453B80FA2A327C1C00E7D9B3 /* WeeklyWeatherView.swift in Sources */ = {isa = PBXBuildFile; fileRef = 453B80F22A327C1C00E7D9B3 /* WeeklyWeatherView.swift */; };
		453B80FB2A327C1C00E7D9B3 /* WeatherDetailsView.swift in Sources */ = {isa = PBXBuildFile; fileRef = 453B80F32A327C1C00E7D9B3 /* WeatherDetailsView.swift */; };
		453B80FC2A327C1C00E7D9B3 /* DayWeatherView.swift in Sources */ = {isa = PBXBuildFile; fileRef = 453B80F42A327C1C00E7D9B3 /* DayWeatherView.swift */; };
		453B80FD2A327C1C00E7D9B3 /* WeeklyTableCell.swift in Sources */ = {isa = PBXBuildFile; fileRef = 453B80F52A327C1C00E7D9B3 /* WeeklyTableCell.swift */; };
		453B80FE2A327C1C00E7D9B3 /* WeatherForecastViewController.swift in Sources */ = {isa = PBXBuildFile; fileRef = 453B80F62A327C1C00E7D9B3 /* WeatherForecastViewController.swift */; };
		453B81012A327C4300E7D9B3 /* SearchLocationResultViewController.swift in Sources */ = {isa = PBXBuildFile; fileRef = 453B81002A327C4300E7D9B3 /* SearchLocationResultViewController.swift */; };
		453B81032A3282AF00E7D9B3 /* SearchLocationViewModel.swift in Sources */ = {isa = PBXBuildFile; fileRef = 453B81022A3282AF00E7D9B3 /* SearchLocationViewModel.swift */; };
		453B81052A32870000E7D9B3 /* URLService.swift in Sources */ = {isa = PBXBuildFile; fileRef = 453B81042A32870000E7D9B3 /* URLService.swift */; };
		453B81072A32875100E7D9B3 /* URLComponentService.swift in Sources */ = {isa = PBXBuildFile; fileRef = 453B81062A32875100E7D9B3 /* URLComponentService.swift */; };
		453B81092A328A8900E7D9B3 /* HTTPError.swift in Sources */ = {isa = PBXBuildFile; fileRef = 453B81082A328A8900E7D9B3 /* HTTPError.swift */; };
		453B810C2A328CB300E7D9B3 /* Extensions.swift in Sources */ = {isa = PBXBuildFile; fileRef = 453B810B2A328CB300E7D9B3 /* Extensions.swift */; };
		453B810E2A328CCC00E7D9B3 /* Publisher + Ext.swift in Sources */ = {isa = PBXBuildFile; fileRef = 453B810D2A328CCC00E7D9B3 /* Publisher + Ext.swift */; };
		453B81112A328DDE00E7D9B3 /* AccessKeysHelper.swift in Sources */ = {isa = PBXBuildFile; fileRef = 453B81102A328DDE00E7D9B3 /* AccessKeysHelper.swift */; };
		453B81132A32C0B900E7D9B3 /* NotificationName + Ext.swift in Sources */ = {isa = PBXBuildFile; fileRef = 453B81122A32C0B800E7D9B3 /* NotificationName + Ext.swift */; };
		453B81152A32C19300E7D9B3 /* UserDefault + Ext.swift in Sources */ = {isa = PBXBuildFile; fileRef = 453B81142A32C19300E7D9B3 /* UserDefault + Ext.swift */; };
		453B81172A32F06F00E7D9B3 /* String + Ext.swift in Sources */ = {isa = PBXBuildFile; fileRef = 453B81162A32F06F00E7D9B3 /* String + Ext.swift */; };
/* End PBXBuildFile section */

/* Begin PBXContainerItemProxy section */
		453B80922A31AEFE00E7D9B3 /* PBXContainerItemProxy */ = {
			isa = PBXContainerItemProxy;
			containerPortal = 453B80732A31AEFD00E7D9B3 /* Project object */;
			proxyType = 1;
			remoteGlobalIDString = 453B807A2A31AEFD00E7D9B3;
			remoteInfo = WeatherHere;
		};
		453B809C2A31AEFE00E7D9B3 /* PBXContainerItemProxy */ = {
			isa = PBXContainerItemProxy;
			containerPortal = 453B80732A31AEFD00E7D9B3 /* Project object */;
			proxyType = 1;
			remoteGlobalIDString = 453B807A2A31AEFD00E7D9B3;
			remoteInfo = WeatherHere;
		};
/* End PBXContainerItemProxy section */

/* Begin PBXFileReference section */
		453B807B2A31AEFD00E7D9B3 /* WeatherHere.app */ = {isa = PBXFileReference; explicitFileType = wrapper.application; includeInIndex = 0; path = WeatherHere.app; sourceTree = BUILT_PRODUCTS_DIR; };
		453B80852A31AEFD00E7D9B3 /* Base */ = {isa = PBXFileReference; lastKnownFileType = file.storyboard; name = Base; path = Base.lproj/Main.storyboard; sourceTree = "<group>"; };
		453B80872A31AEFE00E7D9B3 /* Assets.xcassets */ = {isa = PBXFileReference; lastKnownFileType = folder.assetcatalog; path = Assets.xcassets; sourceTree = "<group>"; };
		453B808A2A31AEFE00E7D9B3 /* Base */ = {isa = PBXFileReference; lastKnownFileType = file.storyboard; name = Base; path = Base.lproj/LaunchScreen.storyboard; sourceTree = "<group>"; };
		453B808C2A31AEFE00E7D9B3 /* Info.plist */ = {isa = PBXFileReference; lastKnownFileType = text.plist.xml; path = Info.plist; sourceTree = "<group>"; };
		453B80912A31AEFE00E7D9B3 /* WeatherHereTests.xctest */ = {isa = PBXFileReference; explicitFileType = wrapper.cfbundle; includeInIndex = 0; path = WeatherHereTests.xctest; sourceTree = BUILT_PRODUCTS_DIR; };
		453B809B2A31AEFE00E7D9B3 /* WeatherHereUITests.xctest */ = {isa = PBXFileReference; explicitFileType = wrapper.cfbundle; includeInIndex = 0; path = WeatherHereUITests.xctest; sourceTree = BUILT_PRODUCTS_DIR; };
		453B809F2A31AEFE00E7D9B3 /* WeatherHereUITests.swift */ = {isa = PBXFileReference; lastKnownFileType = sourcecode.swift; path = WeatherHereUITests.swift; sourceTree = "<group>"; };
		453B80A12A31AEFE00E7D9B3 /* WeatherHereUITestsLaunchTests.swift */ = {isa = PBXFileReference; lastKnownFileType = sourcecode.swift; path = WeatherHereUITestsLaunchTests.swift; sourceTree = "<group>"; };
		453B80AF2A31AF2F00E7D9B3 /* AppDelegate.swift */ = {isa = PBXFileReference; fileEncoding = 4; lastKnownFileType = sourcecode.swift; path = AppDelegate.swift; sourceTree = "<group>"; };
		453B80B02A31AF2F00E7D9B3 /* SceneDelegate.swift */ = {isa = PBXFileReference; fileEncoding = 4; lastKnownFileType = sourcecode.swift; path = SceneDelegate.swift; sourceTree = "<group>"; };
		453B80B72A31B2D800E7D9B3 /* AppCoordinator.swift */ = {isa = PBXFileReference; fileEncoding = 4; lastKnownFileType = sourcecode.swift; path = AppCoordinator.swift; sourceTree = "<group>"; };
		453B80B82A31B2D800E7D9B3 /* WeatherCoordinator.swift */ = {isa = PBXFileReference; fileEncoding = 4; lastKnownFileType = sourcecode.swift; path = WeatherCoordinator.swift; sourceTree = "<group>"; };
		453B80D02A31B60B00E7D9B3 /* WeatherAPIService.swift */ = {isa = PBXFileReference; lastKnownFileType = sourcecode.swift; path = WeatherAPIService.swift; sourceTree = "<group>"; };
		453B80D22A31B6C700E7D9B3 /* Configurations.swift */ = {isa = PBXFileReference; fileEncoding = 4; lastKnownFileType = sourcecode.swift; path = Configurations.swift; sourceTree = "<group>"; };
		453B80DC2A324C4300E7D9B3 /* XCTestCase.swift */ = {isa = PBXFileReference; lastKnownFileType = sourcecode.swift; path = XCTestCase.swift; sourceTree = "<group>"; };
		453B80DE2A324C9C00E7D9B3 /* WeatherAPIServiceMock.swift */ = {isa = PBXFileReference; lastKnownFileType = sourcecode.swift; path = WeatherAPIServiceMock.swift; sourceTree = "<group>"; };
		453B80E02A324F8A00E7D9B3 /* weeklyDataStub.json */ = {isa = PBXFileReference; fileEncoding = 4; lastKnownFileType = text.json; path = weeklyDataStub.json; sourceTree = "<group>"; };
		453B80E12A324F8A00E7D9B3 /* currentWeatherStub.json */ = {isa = PBXFileReference; fileEncoding = 4; lastKnownFileType = text.json; path = currentWeatherStub.json; sourceTree = "<group>"; };
		453B80E42A3250DD00E7D9B3 /* WeeklyWeatherTests.swift */ = {isa = PBXFileReference; fileEncoding = 4; lastKnownFileType = sourcecode.swift; path = WeeklyWeatherTests.swift; sourceTree = "<group>"; };
		453B80E52A3250DD00E7D9B3 /* CurrentWeatherTests.swift */ = {isa = PBXFileReference; fileEncoding = 4; lastKnownFileType = sourcecode.swift; path = CurrentWeatherTests.swift; sourceTree = "<group>"; };
		453B80E62A3250DD00E7D9B3 /* WeatherAPIServiceTests.swift */ = {isa = PBXFileReference; fileEncoding = 4; lastKnownFileType = sourcecode.swift; path = WeatherAPIServiceTests.swift; sourceTree = "<group>"; };
		453B80EC2A327C1C00E7D9B3 /* WeatherForecastViewModel.swift */ = {isa = PBXFileReference; fileEncoding = 4; lastKnownFileType = sourcecode.swift; path = WeatherForecastViewModel.swift; sourceTree = "<group>"; };
		453B80EE2A327C1C00E7D9B3 /* CoordinatesModel.swift */ = {isa = PBXFileReference; fileEncoding = 4; lastKnownFileType = sourcecode.swift; path = CoordinatesModel.swift; sourceTree = "<group>"; };
		453B80EF2A327C1C00E7D9B3 /* WeatherResponseModel.swift */ = {isa = PBXFileReference; fileEncoding = 4; lastKnownFileType = sourcecode.swift; path = WeatherResponseModel.swift; sourceTree = "<group>"; };
		453B80F22A327C1C00E7D9B3 /* WeeklyWeatherView.swift */ = {isa = PBXFileReference; fileEncoding = 4; lastKnownFileType = sourcecode.swift; path = WeeklyWeatherView.swift; sourceTree = "<group>"; };
		453B80F32A327C1C00E7D9B3 /* WeatherDetailsView.swift */ = {isa = PBXFileReference; fileEncoding = 4; lastKnownFileType = sourcecode.swift; path = WeatherDetailsView.swift; sourceTree = "<group>"; };
		453B80F42A327C1C00E7D9B3 /* DayWeatherView.swift */ = {isa = PBXFileReference; fileEncoding = 4; lastKnownFileType = sourcecode.swift; path = DayWeatherView.swift; sourceTree = "<group>"; };
		453B80F52A327C1C00E7D9B3 /* WeeklyTableCell.swift */ = {isa = PBXFileReference; fileEncoding = 4; lastKnownFileType = sourcecode.swift; path = WeeklyTableCell.swift; sourceTree = "<group>"; };
		453B80F62A327C1C00E7D9B3 /* WeatherForecastViewController.swift */ = {isa = PBXFileReference; fileEncoding = 4; lastKnownFileType = sourcecode.swift; path = WeatherForecastViewController.swift; sourceTree = "<group>"; };
		453B81002A327C4300E7D9B3 /* SearchLocationResultViewController.swift */ = {isa = PBXFileReference; lastKnownFileType = sourcecode.swift; path = SearchLocationResultViewController.swift; sourceTree = "<group>"; };
		453B81022A3282AF00E7D9B3 /* SearchLocationViewModel.swift */ = {isa = PBXFileReference; lastKnownFileType = sourcecode.swift; path = SearchLocationViewModel.swift; sourceTree = "<group>"; };
		453B81042A32870000E7D9B3 /* URLService.swift */ = {isa = PBXFileReference; lastKnownFileType = sourcecode.swift; path = URLService.swift; sourceTree = "<group>"; };
		453B81062A32875100E7D9B3 /* URLComponentService.swift */ = {isa = PBXFileReference; lastKnownFileType = sourcecode.swift; path = URLComponentService.swift; sourceTree = "<group>"; };
		453B81082A328A8900E7D9B3 /* HTTPError.swift */ = {isa = PBXFileReference; lastKnownFileType = sourcecode.swift; path = HTTPError.swift; sourceTree = "<group>"; };
		453B810B2A328CB300E7D9B3 /* Extensions.swift */ = {isa = PBXFileReference; fileEncoding = 4; lastKnownFileType = sourcecode.swift; path = Extensions.swift; sourceTree = "<group>"; };
		453B810D2A328CCC00E7D9B3 /* Publisher + Ext.swift */ = {isa = PBXFileReference; lastKnownFileType = sourcecode.swift; path = "Publisher + Ext.swift"; sourceTree = "<group>"; };
		453B81102A328DDE00E7D9B3 /* AccessKeysHelper.swift */ = {isa = PBXFileReference; lastKnownFileType = sourcecode.swift; path = AccessKeysHelper.swift; sourceTree = "<group>"; };
		453B81122A32C0B800E7D9B3 /* NotificationName + Ext.swift */ = {isa = PBXFileReference; lastKnownFileType = sourcecode.swift; path = "NotificationName + Ext.swift"; sourceTree = "<group>"; };
		453B81142A32C19300E7D9B3 /* UserDefault + Ext.swift */ = {isa = PBXFileReference; lastKnownFileType = sourcecode.swift; path = "UserDefault + Ext.swift"; sourceTree = "<group>"; };
		453B81162A32F06F00E7D9B3 /* String + Ext.swift */ = {isa = PBXFileReference; lastKnownFileType = sourcecode.swift; path = "String + Ext.swift"; sourceTree = "<group>"; };
/* End PBXFileReference section */

/* Begin PBXFrameworksBuildPhase section */
		453B80782A31AEFD00E7D9B3 /* Frameworks */ = {
			isa = PBXFrameworksBuildPhase;
			buildActionMask = 2147483647;
			files = (
			);
			runOnlyForDeploymentPostprocessing = 0;
		};
		453B808E2A31AEFE00E7D9B3 /* Frameworks */ = {
			isa = PBXFrameworksBuildPhase;
			buildActionMask = 2147483647;
			files = (
			);
			runOnlyForDeploymentPostprocessing = 0;
		};
		453B80982A31AEFE00E7D9B3 /* Frameworks */ = {
			isa = PBXFrameworksBuildPhase;
			buildActionMask = 2147483647;
			files = (
			);
			runOnlyForDeploymentPostprocessing = 0;
		};
/* End PBXFrameworksBuildPhase section */

/* Begin PBXGroup section */
		453B80722A31AEFD00E7D9B3 = {
			isa = PBXGroup;
			children = (
				453B807D2A31AEFD00E7D9B3 /* WeatherHere */,
				453B80942A31AEFE00E7D9B3 /* WeatherHereTests */,
				453B809E2A31AEFE00E7D9B3 /* WeatherHereUITests */,
				453B807C2A31AEFD00E7D9B3 /* Products */,
			);
			sourceTree = "<group>";
		};
		453B807C2A31AEFD00E7D9B3 /* Products */ = {
			isa = PBXGroup;
			children = (
				453B807B2A31AEFD00E7D9B3 /* WeatherHere.app */,
				453B80912A31AEFE00E7D9B3 /* WeatherHereTests.xctest */,
				453B809B2A31AEFE00E7D9B3 /* WeatherHereUITests.xctest */,
			);
			name = Products;
			sourceTree = "<group>";
		};
		453B807D2A31AEFD00E7D9B3 /* WeatherHere */ = {
			isa = PBXGroup;
			children = (
				453B80B42A31AFCC00E7D9B3 /* Networking */,
				453B80B32A31AFCB00E7D9B3 /* Presentation */,
				453B80B52A31AFCC00E7D9B3 /* Utilities */,
				453B80AE2A31AF2F00E7D9B3 /* Application */,
				453B80842A31AEFD00E7D9B3 /* Main.storyboard */,
				453B80872A31AEFE00E7D9B3 /* Assets.xcassets */,
				453B80892A31AEFE00E7D9B3 /* LaunchScreen.storyboard */,
				453B808C2A31AEFE00E7D9B3 /* Info.plist */,
			);
			path = WeatherHere;
			sourceTree = "<group>";
		};
		453B80942A31AEFE00E7D9B3 /* WeatherHereTests */ = {
			isa = PBXGroup;
			children = (
				453B80DA2A324C2200E7D9B3 /* Extension */,
				453B80DB2A324C2200E7D9B3 /* Mocks */,
				453B80D92A324C2200E7D9B3 /* Stubs */,
				453B80D82A324C2200E7D9B3 /* Test Cases */,
			);
			path = WeatherHereTests;
			sourceTree = "<group>";
		};
		453B809E2A31AEFE00E7D9B3 /* WeatherHereUITests */ = {
			isa = PBXGroup;
			children = (
				453B809F2A31AEFE00E7D9B3 /* WeatherHereUITests.swift */,
				453B80A12A31AEFE00E7D9B3 /* WeatherHereUITestsLaunchTests.swift */,
			);
			path = WeatherHereUITests;
			sourceTree = "<group>";
		};
		453B80AE2A31AF2F00E7D9B3 /* Application */ = {
			isa = PBXGroup;
			children = (
				453B80AF2A31AF2F00E7D9B3 /* AppDelegate.swift */,
				453B80B02A31AF2F00E7D9B3 /* SceneDelegate.swift */,
			);
			path = Application;
			sourceTree = "<group>";
		};
		453B80B32A31AFCB00E7D9B3 /* Presentation */ = {
			isa = PBXGroup;
			children = (
				453B80FF2A327C2B00E7D9B3 /* SearchLocation */,
				453B80EA2A327C1C00E7D9B3 /* WeatherForecast */,
				453B80B62A31B2D800E7D9B3 /* Coordinators */,
			);
			path = Presentation;
			sourceTree = "<group>";
		};
		453B80B42A31AFCC00E7D9B3 /* Networking */ = {
			isa = PBXGroup;
			children = (
				453B80D02A31B60B00E7D9B3 /* WeatherAPIService.swift */,
				453B81042A32870000E7D9B3 /* URLService.swift */,
				453B81062A32875100E7D9B3 /* URLComponentService.swift */,
				453B81082A328A8900E7D9B3 /* HTTPError.swift */,
			);
			path = Networking;
			sourceTree = "<group>";
		};
		453B80B52A31AFCC00E7D9B3 /* Utilities */ = {
			isa = PBXGroup;
			children = (
				453B810F2A328DD200E7D9B3 /* Helper */,
				453B810A2A328CB300E7D9B3 /* Extensions */,
				453B80D22A31B6C700E7D9B3 /* Configurations.swift */,
			);
			path = Utilities;
			sourceTree = "<group>";
		};
		453B80B62A31B2D800E7D9B3 /* Coordinators */ = {
			isa = PBXGroup;
			children = (
				453B80B72A31B2D800E7D9B3 /* AppCoordinator.swift */,
				453B80B82A31B2D800E7D9B3 /* WeatherCoordinator.swift */,
			);
			path = Coordinators;
			sourceTree = "<group>";
		};
		453B80D82A324C2200E7D9B3 /* Test Cases */ = {
			isa = PBXGroup;
			children = (
				453B80E62A3250DD00E7D9B3 /* WeatherAPIServiceTests.swift */,
				453B80E52A3250DD00E7D9B3 /* CurrentWeatherTests.swift */,
				453B80E42A3250DD00E7D9B3 /* WeeklyWeatherTests.swift */,
			);
			path = "Test Cases";
			sourceTree = "<group>";
		};
		453B80D92A324C2200E7D9B3 /* Stubs */ = {
			isa = PBXGroup;
			children = (
				453B80E12A324F8A00E7D9B3 /* currentWeatherStub.json */,
				453B80E02A324F8A00E7D9B3 /* weeklyDataStub.json */,
			);
			path = Stubs;
			sourceTree = "<group>";
		};
		453B80DA2A324C2200E7D9B3 /* Extension */ = {
			isa = PBXGroup;
			children = (
				453B80DC2A324C4300E7D9B3 /* XCTestCase.swift */,
			);
			path = Extension;
			sourceTree = "<group>";
		};
		453B80DB2A324C2200E7D9B3 /* Mocks */ = {
			isa = PBXGroup;
			children = (
				453B80DE2A324C9C00E7D9B3 /* WeatherAPIServiceMock.swift */,
			);
			path = Mocks;
			sourceTree = "<group>";
		};
		453B80EA2A327C1C00E7D9B3 /* WeatherForecast */ = {
			isa = PBXGroup;
			children = (
				453B80EB2A327C1C00E7D9B3 /* ViewModel */,
				453B80ED2A327C1C00E7D9B3 /* Models */,
				453B80F02A327C1C00E7D9B3 /* View */,
			);
			path = WeatherForecast;
			sourceTree = "<group>";
		};
		453B80EB2A327C1C00E7D9B3 /* ViewModel */ = {
			isa = PBXGroup;
			children = (
				453B80EC2A327C1C00E7D9B3 /* WeatherForecastViewModel.swift */,
			);
			path = ViewModel;
			sourceTree = "<group>";
		};
		453B80ED2A327C1C00E7D9B3 /* Models */ = {
			isa = PBXGroup;
			children = (
				453B80EE2A327C1C00E7D9B3 /* CoordinatesModel.swift */,
				453B80EF2A327C1C00E7D9B3 /* WeatherResponseModel.swift */,
			);
			path = Models;
			sourceTree = "<group>";
		};
		453B80F02A327C1C00E7D9B3 /* View */ = {
			isa = PBXGroup;
			children = (
				453B80F12A327C1C00E7D9B3 /* CustomViews */,
				453B80F62A327C1C00E7D9B3 /* WeatherForecastViewController.swift */,
			);
			path = View;
			sourceTree = "<group>";
		};
		453B80F12A327C1C00E7D9B3 /* CustomViews */ = {
			isa = PBXGroup;
			children = (
				453B80F22A327C1C00E7D9B3 /* WeeklyWeatherView.swift */,
				453B80F32A327C1C00E7D9B3 /* WeatherDetailsView.swift */,
				453B80F42A327C1C00E7D9B3 /* DayWeatherView.swift */,
				453B80F52A327C1C00E7D9B3 /* WeeklyTableCell.swift */,
			);
			path = CustomViews;
			sourceTree = "<group>";
		};
		453B80FF2A327C2B00E7D9B3 /* SearchLocation */ = {
			isa = PBXGroup;
			children = (
				453B81002A327C4300E7D9B3 /* SearchLocationResultViewController.swift */,
				453B81022A3282AF00E7D9B3 /* SearchLocationViewModel.swift */,
			);
			path = SearchLocation;
			sourceTree = "<group>";
		};
		453B810A2A328CB300E7D9B3 /* Extensions */ = {
			isa = PBXGroup;
			children = (
				453B810B2A328CB300E7D9B3 /* Extensions.swift */,
				453B810D2A328CCC00E7D9B3 /* Publisher + Ext.swift */,
				453B81122A32C0B800E7D9B3 /* NotificationName + Ext.swift */,
				453B81142A32C19300E7D9B3 /* UserDefault + Ext.swift */,
				453B81162A32F06F00E7D9B3 /* String + Ext.swift */,
			);
			path = Extensions;
			sourceTree = "<group>";
		};
		453B810F2A328DD200E7D9B3 /* Helper */ = {
			isa = PBXGroup;
			children = (
				453B81102A328DDE00E7D9B3 /* AccessKeysHelper.swift */,
			);
			path = Helper;
			sourceTree = "<group>";
		};
/* End PBXGroup section */

/* Begin PBXNativeTarget section */
		453B807A2A31AEFD00E7D9B3 /* WeatherHere */ = {
			isa = PBXNativeTarget;
			buildConfigurationList = 453B80A52A31AEFE00E7D9B3 /* Build configuration list for PBXNativeTarget "WeatherHere" */;
			buildPhases = (
				453B80772A31AEFD00E7D9B3 /* Sources */,
				453B80782A31AEFD00E7D9B3 /* Frameworks */,
				453B80792A31AEFD00E7D9B3 /* Resources */,
			);
			buildRules = (
			);
			dependencies = (
			);
			name = WeatherHere;
			productName = WeatherHere;
			productReference = 453B807B2A31AEFD00E7D9B3 /* WeatherHere.app */;
			productType = "com.apple.product-type.application";
		};
		453B80902A31AEFE00E7D9B3 /* WeatherHereTests */ = {
			isa = PBXNativeTarget;
			buildConfigurationList = 453B80A82A31AEFE00E7D9B3 /* Build configuration list for PBXNativeTarget "WeatherHereTests" */;
			buildPhases = (
				453B808D2A31AEFE00E7D9B3 /* Sources */,
				453B808E2A31AEFE00E7D9B3 /* Frameworks */,
				453B808F2A31AEFE00E7D9B3 /* Resources */,
			);
			buildRules = (
			);
			dependencies = (
				453B80932A31AEFE00E7D9B3 /* PBXTargetDependency */,
			);
			name = WeatherHereTests;
			productName = WeatherHereTests;
			productReference = 453B80912A31AEFE00E7D9B3 /* WeatherHereTests.xctest */;
			productType = "com.apple.product-type.bundle.unit-test";
		};
		453B809A2A31AEFE00E7D9B3 /* WeatherHereUITests */ = {
			isa = PBXNativeTarget;
			buildConfigurationList = 453B80AB2A31AEFE00E7D9B3 /* Build configuration list for PBXNativeTarget "WeatherHereUITests" */;
			buildPhases = (
				453B80972A31AEFE00E7D9B3 /* Sources */,
				453B80982A31AEFE00E7D9B3 /* Frameworks */,
				453B80992A31AEFE00E7D9B3 /* Resources */,
			);
			buildRules = (
			);
			dependencies = (
				453B809D2A31AEFE00E7D9B3 /* PBXTargetDependency */,
			);
			name = WeatherHereUITests;
			productName = WeatherHereUITests;
			productReference = 453B809B2A31AEFE00E7D9B3 /* WeatherHereUITests.xctest */;
			productType = "com.apple.product-type.bundle.ui-testing";
		};
/* End PBXNativeTarget section */

/* Begin PBXProject section */
		453B80732A31AEFD00E7D9B3 /* Project object */ = {
			isa = PBXProject;
			attributes = {
				BuildIndependentTargetsInParallel = 1;
				LastSwiftUpdateCheck = 1430;
				LastUpgradeCheck = 1430;
				TargetAttributes = {
					453B807A2A31AEFD00E7D9B3 = {
						CreatedOnToolsVersion = 14.3.1;
					};
					453B80902A31AEFE00E7D9B3 = {
						CreatedOnToolsVersion = 14.3.1;
						TestTargetID = 453B807A2A31AEFD00E7D9B3;
					};
					453B809A2A31AEFE00E7D9B3 = {
						CreatedOnToolsVersion = 14.3.1;
						TestTargetID = 453B807A2A31AEFD00E7D9B3;
					};
				};
			};
			buildConfigurationList = 453B80762A31AEFD00E7D9B3 /* Build configuration list for PBXProject "WeatherHere" */;
			compatibilityVersion = "Xcode 14.0";
			developmentRegion = en;
			hasScannedForEncodings = 0;
			knownRegions = (
				en,
				Base,
			);
			mainGroup = 453B80722A31AEFD00E7D9B3;
			productRefGroup = 453B807C2A31AEFD00E7D9B3 /* Products */;
			projectDirPath = "";
			projectRoot = "";
			targets = (
				453B807A2A31AEFD00E7D9B3 /* WeatherHere */,
				453B80902A31AEFE00E7D9B3 /* WeatherHereTests */,
				453B809A2A31AEFE00E7D9B3 /* WeatherHereUITests */,
			);
		};
/* End PBXProject section */

/* Begin PBXResourcesBuildPhase section */
		453B80792A31AEFD00E7D9B3 /* Resources */ = {
			isa = PBXResourcesBuildPhase;
			buildActionMask = 2147483647;
			files = (
				453B808B2A31AEFE00E7D9B3 /* LaunchScreen.storyboard in Resources */,
				453B80882A31AEFE00E7D9B3 /* Assets.xcassets in Resources */,
				453B80862A31AEFD00E7D9B3 /* Main.storyboard in Resources */,
			);
			runOnlyForDeploymentPostprocessing = 0;
		};
		453B808F2A31AEFE00E7D9B3 /* Resources */ = {
			isa = PBXResourcesBuildPhase;
			buildActionMask = 2147483647;
			files = (
				453B80E32A324F8A00E7D9B3 /* currentWeatherStub.json in Resources */,
				453B80E22A324F8A00E7D9B3 /* weeklyDataStub.json in Resources */,
			);
			runOnlyForDeploymentPostprocessing = 0;
		};
		453B80992A31AEFE00E7D9B3 /* Resources */ = {
			isa = PBXResourcesBuildPhase;
			buildActionMask = 2147483647;
			files = (
			);
			runOnlyForDeploymentPostprocessing = 0;
		};
/* End PBXResourcesBuildPhase section */

/* Begin PBXSourcesBuildPhase section */
		453B80772A31AEFD00E7D9B3 /* Sources */ = {
			isa = PBXSourcesBuildPhase;
			buildActionMask = 2147483647;
			files = (
				453B80F72A327C1C00E7D9B3 /* WeatherForecastViewModel.swift in Sources */,
				453B80BA2A31B2D900E7D9B3 /* WeatherCoordinator.swift in Sources */,
				453B81112A328DDE00E7D9B3 /* AccessKeysHelper.swift in Sources */,
				453B81052A32870000E7D9B3 /* URLService.swift in Sources */,
				453B80B92A31B2D900E7D9B3 /* AppCoordinator.swift in Sources */,
				453B81152A32C19300E7D9B3 /* UserDefault + Ext.swift in Sources */,
				453B80B22A31AF2F00E7D9B3 /* SceneDelegate.swift in Sources */,
				453B80F82A327C1C00E7D9B3 /* CoordinatesModel.swift in Sources */,
				453B81172A32F06F00E7D9B3 /* String + Ext.swift in Sources */,
				453B80FD2A327C1C00E7D9B3 /* WeeklyTableCell.swift in Sources */,
				453B80FC2A327C1C00E7D9B3 /* DayWeatherView.swift in Sources */,
				453B810C2A328CB300E7D9B3 /* Extensions.swift in Sources */,
				453B80B12A31AF2F00E7D9B3 /* AppDelegate.swift in Sources */,
				453B81132A32C0B900E7D9B3 /* NotificationName + Ext.swift in Sources */,
				453B80D12A31B60B00E7D9B3 /* WeatherAPIService.swift in Sources */,
				453B80FA2A327C1C00E7D9B3 /* WeeklyWeatherView.swift in Sources */,
				453B81092A328A8900E7D9B3 /* HTTPError.swift in Sources */,
				453B80F92A327C1C00E7D9B3 /* WeatherResponseModel.swift in Sources */,
				453B80FB2A327C1C00E7D9B3 /* WeatherDetailsView.swift in Sources */,
				453B81032A3282AF00E7D9B3 /* SearchLocationViewModel.swift in Sources */,
				453B810E2A328CCC00E7D9B3 /* Publisher + Ext.swift in Sources */,
				453B80D42A31B6C700E7D9B3 /* Configurations.swift in Sources */,
				453B81012A327C4300E7D9B3 /* SearchLocationResultViewController.swift in Sources */,
				453B80FE2A327C1C00E7D9B3 /* WeatherForecastViewController.swift in Sources */,
				453B81072A32875100E7D9B3 /* URLComponentService.swift in Sources */,
			);
			runOnlyForDeploymentPostprocessing = 0;
		};
		453B808D2A31AEFE00E7D9B3 /* Sources */ = {
			isa = PBXSourcesBuildPhase;
			buildActionMask = 2147483647;
			files = (
				453B80DD2A324C4300E7D9B3 /* XCTestCase.swift in Sources */,
				453B80DF2A324C9C00E7D9B3 /* WeatherAPIServiceMock.swift in Sources */,
				453B80E92A3250DD00E7D9B3 /* WeatherAPIServiceTests.swift in Sources */,
				453B80E82A3250DD00E7D9B3 /* CurrentWeatherTests.swift in Sources */,
				453B80E72A3250DD00E7D9B3 /* WeeklyWeatherTests.swift in Sources */,
			);
			runOnlyForDeploymentPostprocessing = 0;
		};
		453B80972A31AEFE00E7D9B3 /* Sources */ = {
			isa = PBXSourcesBuildPhase;
			buildActionMask = 2147483647;
			files = (
				453B80A02A31AEFE00E7D9B3 /* WeatherHereUITests.swift in Sources */,
				453B80A22A31AEFE00E7D9B3 /* WeatherHereUITestsLaunchTests.swift in Sources */,
			);
			runOnlyForDeploymentPostprocessing = 0;
		};
/* End PBXSourcesBuildPhase section */

/* Begin PBXTargetDependency section */
		453B80932A31AEFE00E7D9B3 /* PBXTargetDependency */ = {
			isa = PBXTargetDependency;
			target = 453B807A2A31AEFD00E7D9B3 /* WeatherHere */;
			targetProxy = 453B80922A31AEFE00E7D9B3 /* PBXContainerItemProxy */;
		};
		453B809D2A31AEFE00E7D9B3 /* PBXTargetDependency */ = {
			isa = PBXTargetDependency;
			target = 453B807A2A31AEFD00E7D9B3 /* WeatherHere */;
			targetProxy = 453B809C2A31AEFE00E7D9B3 /* PBXContainerItemProxy */;
		};
/* End PBXTargetDependency section */

/* Begin PBXVariantGroup section */
		453B80842A31AEFD00E7D9B3 /* Main.storyboard */ = {
			isa = PBXVariantGroup;
			children = (
				453B80852A31AEFD00E7D9B3 /* Base */,
			);
			name = Main.storyboard;
			sourceTree = "<group>";
		};
		453B80892A31AEFE00E7D9B3 /* LaunchScreen.storyboard */ = {
			isa = PBXVariantGroup;
			children = (
				453B808A2A31AEFE00E7D9B3 /* Base */,
			);
			name = LaunchScreen.storyboard;
			sourceTree = "<group>";
		};
/* End PBXVariantGroup section */

/* Begin XCBuildConfiguration section */
		453B80A32A31AEFE00E7D9B3 /* Debug */ = {
			isa = XCBuildConfiguration;
			buildSettings = {
				ALWAYS_SEARCH_USER_PATHS = NO;
				CLANG_ANALYZER_NONNULL = YES;
				CLANG_ANALYZER_NUMBER_OBJECT_CONVERSION = YES_AGGRESSIVE;
				CLANG_CXX_LANGUAGE_STANDARD = "gnu++20";
				CLANG_ENABLE_MODULES = YES;
				CLANG_ENABLE_OBJC_ARC = YES;
				CLANG_ENABLE_OBJC_WEAK = YES;
				CLANG_WARN_BLOCK_CAPTURE_AUTORELEASING = YES;
				CLANG_WARN_BOOL_CONVERSION = YES;
				CLANG_WARN_COMMA = YES;
				CLANG_WARN_CONSTANT_CONVERSION = YES;
				CLANG_WARN_DEPRECATED_OBJC_IMPLEMENTATIONS = YES;
				CLANG_WARN_DIRECT_OBJC_ISA_USAGE = YES_ERROR;
				CLANG_WARN_DOCUMENTATION_COMMENTS = YES;
				CLANG_WARN_EMPTY_BODY = YES;
				CLANG_WARN_ENUM_CONVERSION = YES;
				CLANG_WARN_INFINITE_RECURSION = YES;
				CLANG_WARN_INT_CONVERSION = YES;
				CLANG_WARN_NON_LITERAL_NULL_CONVERSION = YES;
				CLANG_WARN_OBJC_IMPLICIT_RETAIN_SELF = YES;
				CLANG_WARN_OBJC_LITERAL_CONVERSION = YES;
				CLANG_WARN_OBJC_ROOT_CLASS = YES_ERROR;
				CLANG_WARN_QUOTED_INCLUDE_IN_FRAMEWORK_HEADER = YES;
				CLANG_WARN_RANGE_LOOP_ANALYSIS = YES;
				CLANG_WARN_STRICT_PROTOTYPES = YES;
				CLANG_WARN_SUSPICIOUS_MOVE = YES;
				CLANG_WARN_UNGUARDED_AVAILABILITY = YES_AGGRESSIVE;
				CLANG_WARN_UNREACHABLE_CODE = YES;
				CLANG_WARN__DUPLICATE_METHOD_MATCH = YES;
				COPY_PHASE_STRIP = NO;
				DEBUG_INFORMATION_FORMAT = dwarf;
				ENABLE_STRICT_OBJC_MSGSEND = YES;
				ENABLE_TESTABILITY = YES;
				GCC_C_LANGUAGE_STANDARD = gnu11;
				GCC_DYNAMIC_NO_PIC = NO;
				GCC_NO_COMMON_BLOCKS = YES;
				GCC_OPTIMIZATION_LEVEL = 0;
				GCC_PREPROCESSOR_DEFINITIONS = (
					"DEBUG=1",
					"$(inherited)",
				);
				GCC_WARN_64_TO_32_BIT_CONVERSION = YES;
				GCC_WARN_ABOUT_RETURN_TYPE = YES_ERROR;
				GCC_WARN_UNDECLARED_SELECTOR = YES;
				GCC_WARN_UNINITIALIZED_AUTOS = YES_AGGRESSIVE;
				GCC_WARN_UNUSED_FUNCTION = YES;
				GCC_WARN_UNUSED_VARIABLE = YES;
				IPHONEOS_DEPLOYMENT_TARGET = 16.4;
				MTL_ENABLE_DEBUG_INFO = INCLUDE_SOURCE;
				MTL_FAST_MATH = YES;
				ONLY_ACTIVE_ARCH = YES;
				SDKROOT = iphoneos;
				SWIFT_ACTIVE_COMPILATION_CONDITIONS = DEBUG;
				SWIFT_OPTIMIZATION_LEVEL = "-Onone";
			};
			name = Debug;
		};
		453B80A42A31AEFE00E7D9B3 /* Release */ = {
			isa = XCBuildConfiguration;
			buildSettings = {
				ALWAYS_SEARCH_USER_PATHS = NO;
				CLANG_ANALYZER_NONNULL = YES;
				CLANG_ANALYZER_NUMBER_OBJECT_CONVERSION = YES_AGGRESSIVE;
				CLANG_CXX_LANGUAGE_STANDARD = "gnu++20";
				CLANG_ENABLE_MODULES = YES;
				CLANG_ENABLE_OBJC_ARC = YES;
				CLANG_ENABLE_OBJC_WEAK = YES;
				CLANG_WARN_BLOCK_CAPTURE_AUTORELEASING = YES;
				CLANG_WARN_BOOL_CONVERSION = YES;
				CLANG_WARN_COMMA = YES;
				CLANG_WARN_CONSTANT_CONVERSION = YES;
				CLANG_WARN_DEPRECATED_OBJC_IMPLEMENTATIONS = YES;
				CLANG_WARN_DIRECT_OBJC_ISA_USAGE = YES_ERROR;
				CLANG_WARN_DOCUMENTATION_COMMENTS = YES;
				CLANG_WARN_EMPTY_BODY = YES;
				CLANG_WARN_ENUM_CONVERSION = YES;
				CLANG_WARN_INFINITE_RECURSION = YES;
				CLANG_WARN_INT_CONVERSION = YES;
				CLANG_WARN_NON_LITERAL_NULL_CONVERSION = YES;
				CLANG_WARN_OBJC_IMPLICIT_RETAIN_SELF = YES;
				CLANG_WARN_OBJC_LITERAL_CONVERSION = YES;
				CLANG_WARN_OBJC_ROOT_CLASS = YES_ERROR;
				CLANG_WARN_QUOTED_INCLUDE_IN_FRAMEWORK_HEADER = YES;
				CLANG_WARN_RANGE_LOOP_ANALYSIS = YES;
				CLANG_WARN_STRICT_PROTOTYPES = YES;
				CLANG_WARN_SUSPICIOUS_MOVE = YES;
				CLANG_WARN_UNGUARDED_AVAILABILITY = YES_AGGRESSIVE;
				CLANG_WARN_UNREACHABLE_CODE = YES;
				CLANG_WARN__DUPLICATE_METHOD_MATCH = YES;
				COPY_PHASE_STRIP = NO;
				DEBUG_INFORMATION_FORMAT = "dwarf-with-dsym";
				ENABLE_NS_ASSERTIONS = NO;
				ENABLE_STRICT_OBJC_MSGSEND = YES;
				GCC_C_LANGUAGE_STANDARD = gnu11;
				GCC_NO_COMMON_BLOCKS = YES;
				GCC_WARN_64_TO_32_BIT_CONVERSION = YES;
				GCC_WARN_ABOUT_RETURN_TYPE = YES_ERROR;
				GCC_WARN_UNDECLARED_SELECTOR = YES;
				GCC_WARN_UNINITIALIZED_AUTOS = YES_AGGRESSIVE;
				GCC_WARN_UNUSED_FUNCTION = YES;
				GCC_WARN_UNUSED_VARIABLE = YES;
				IPHONEOS_DEPLOYMENT_TARGET = 16.4;
				MTL_ENABLE_DEBUG_INFO = NO;
				MTL_FAST_MATH = YES;
				SDKROOT = iphoneos;
				SWIFT_COMPILATION_MODE = wholemodule;
				SWIFT_OPTIMIZATION_LEVEL = "-O";
				VALIDATE_PRODUCT = YES;
			};
			name = Release;
		};
		453B80A62A31AEFE00E7D9B3 /* Debug */ = {
			isa = XCBuildConfiguration;
			buildSettings = {
				ASSETCATALOG_COMPILER_APPICON_NAME = AppIcon;
				ASSETCATALOG_COMPILER_GLOBAL_ACCENT_COLOR_NAME = AccentColor;
				CODE_SIGN_STYLE = Automatic;
				CURRENT_PROJECT_VERSION = 1;
				DEVELOPMENT_TEAM = W5KCMKK9XT;
				GENERATE_INFOPLIST_FILE = YES;
				INFOPLIST_FILE = WeatherHere/Info.plist;
				INFOPLIST_KEY_NSLocationWhenInUseUsageDescription = "Allow access to your location to get up-to-date weather information";
				INFOPLIST_KEY_UIApplicationSupportsIndirectInputEvents = YES;
				INFOPLIST_KEY_UILaunchStoryboardName = LaunchScreen;
				INFOPLIST_KEY_UIMainStoryboardFile = Main;
				INFOPLIST_KEY_UISupportedInterfaceOrientations_iPad = "UIInterfaceOrientationPortrait UIInterfaceOrientationPortraitUpsideDown UIInterfaceOrientationLandscapeLeft UIInterfaceOrientationLandscapeRight";
				INFOPLIST_KEY_UISupportedInterfaceOrientations_iPhone = "UIInterfaceOrientationPortrait UIInterfaceOrientationLandscapeLeft UIInterfaceOrientationLandscapeRight";
				LD_RUNPATH_SEARCH_PATHS = (
					"$(inherited)",
					"@executable_path/Frameworks",
				);
				MARKETING_VERSION = 1.0;
				PRODUCT_BUNDLE_IDENTIFIER = com.pranshu.WeatherHere;
				PRODUCT_NAME = "$(TARGET_NAME)";
				SWIFT_EMIT_LOC_STRINGS = YES;
				SWIFT_VERSION = 5.0;
				TARGETED_DEVICE_FAMILY = "1,2";
			};
			name = Debug;
		};
		453B80A72A31AEFE00E7D9B3 /* Release */ = {
			isa = XCBuildConfiguration;
			buildSettings = {
				ASSETCATALOG_COMPILER_APPICON_NAME = AppIcon;
				ASSETCATALOG_COMPILER_GLOBAL_ACCENT_COLOR_NAME = AccentColor;
				CODE_SIGN_STYLE = Automatic;
				CURRENT_PROJECT_VERSION = 1;
				DEVELOPMENT_TEAM = W5KCMKK9XT;
				GENERATE_INFOPLIST_FILE = YES;
				INFOPLIST_FILE = WeatherHere/Info.plist;
				INFOPLIST_KEY_NSLocationWhenInUseUsageDescription = "Allow access to your location to get up-to-date weather information";
				INFOPLIST_KEY_UIApplicationSupportsIndirectInputEvents = YES;
				INFOPLIST_KEY_UILaunchStoryboardName = LaunchScreen;
				INFOPLIST_KEY_UIMainStoryboardFile = Main;
				INFOPLIST_KEY_UISupportedInterfaceOrientations_iPad = "UIInterfaceOrientationPortrait UIInterfaceOrientationPortraitUpsideDown UIInterfaceOrientationLandscapeLeft UIInterfaceOrientationLandscapeRight";
				INFOPLIST_KEY_UISupportedInterfaceOrientations_iPhone = "UIInterfaceOrientationPortrait UIInterfaceOrientationLandscapeLeft UIInterfaceOrientationLandscapeRight";
				LD_RUNPATH_SEARCH_PATHS = (
					"$(inherited)",
					"@executable_path/Frameworks",
				);
				MARKETING_VERSION = 1.0;
				PRODUCT_BUNDLE_IDENTIFIER = com.pranshu.WeatherHere;
				PRODUCT_NAME = "$(TARGET_NAME)";
				SWIFT_EMIT_LOC_STRINGS = YES;
				SWIFT_VERSION = 5.0;
				TARGETED_DEVICE_FAMILY = "1,2";
			};
			name = Release;
		};
		453B80A92A31AEFE00E7D9B3 /* Debug */ = {
			isa = XCBuildConfiguration;
			buildSettings = {
				ALWAYS_EMBED_SWIFT_STANDARD_LIBRARIES = YES;
				BUNDLE_LOADER = "$(TEST_HOST)";
				CODE_SIGN_STYLE = Automatic;
				CURRENT_PROJECT_VERSION = 1;
				DEVELOPMENT_TEAM = W5KCMKK9XT;
				GENERATE_INFOPLIST_FILE = YES;
				IPHONEOS_DEPLOYMENT_TARGET = 16.4;
				MARKETING_VERSION = 1.0;
				PRODUCT_BUNDLE_IDENTIFIER = com.pranshu.WeatherHereTests;
				PRODUCT_NAME = "$(TARGET_NAME)";
				SWIFT_EMIT_LOC_STRINGS = NO;
				SWIFT_VERSION = 5.0;
				TARGETED_DEVICE_FAMILY = "1,2";
				TEST_HOST = "$(BUILT_PRODUCTS_DIR)/WeatherHere.app/$(BUNDLE_EXECUTABLE_FOLDER_PATH)/WeatherHere";
			};
			name = Debug;
		};
		453B80AA2A31AEFE00E7D9B3 /* Release */ = {
			isa = XCBuildConfiguration;
			buildSettings = {
				ALWAYS_EMBED_SWIFT_STANDARD_LIBRARIES = YES;
				BUNDLE_LOADER = "$(TEST_HOST)";
				CODE_SIGN_STYLE = Automatic;
				CURRENT_PROJECT_VERSION = 1;
				DEVELOPMENT_TEAM = W5KCMKK9XT;
				GENERATE_INFOPLIST_FILE = YES;
				IPHONEOS_DEPLOYMENT_TARGET = 16.4;
				MARKETING_VERSION = 1.0;
				PRODUCT_BUNDLE_IDENTIFIER = com.pranshu.WeatherHereTests;
				PRODUCT_NAME = "$(TARGET_NAME)";
				SWIFT_EMIT_LOC_STRINGS = NO;
				SWIFT_VERSION = 5.0;
				TARGETED_DEVICE_FAMILY = "1,2";
				TEST_HOST = "$(BUILT_PRODUCTS_DIR)/WeatherHere.app/$(BUNDLE_EXECUTABLE_FOLDER_PATH)/WeatherHere";
			};
			name = Release;
		};
		453B80AC2A31AEFE00E7D9B3 /* Debug */ = {
			isa = XCBuildConfiguration;
			buildSettings = {
				ALWAYS_EMBED_SWIFT_STANDARD_LIBRARIES = YES;
				CODE_SIGN_STYLE = Automatic;
				CURRENT_PROJECT_VERSION = 1;
				DEVELOPMENT_TEAM = W5KCMKK9XT;
				GENERATE_INFOPLIST_FILE = YES;
				MARKETING_VERSION = 1.0;
				PRODUCT_BUNDLE_IDENTIFIER = com.pranshu.WeatherHereUITests;
				PRODUCT_NAME = "$(TARGET_NAME)";
				SWIFT_EMIT_LOC_STRINGS = NO;
				SWIFT_VERSION = 5.0;
				TARGETED_DEVICE_FAMILY = "1,2";
				TEST_TARGET_NAME = WeatherHere;
			};
			name = Debug;
		};
		453B80AD2A31AEFE00E7D9B3 /* Release */ = {
			isa = XCBuildConfiguration;
			buildSettings = {
				ALWAYS_EMBED_SWIFT_STANDARD_LIBRARIES = YES;
				CODE_SIGN_STYLE = Automatic;
				CURRENT_PROJECT_VERSION = 1;
				DEVELOPMENT_TEAM = W5KCMKK9XT;
				GENERATE_INFOPLIST_FILE = YES;
				MARKETING_VERSION = 1.0;
				PRODUCT_BUNDLE_IDENTIFIER = com.pranshu.WeatherHereUITests;
				PRODUCT_NAME = "$(TARGET_NAME)";
				SWIFT_EMIT_LOC_STRINGS = NO;
				SWIFT_VERSION = 5.0;
				TARGETED_DEVICE_FAMILY = "1,2";
				TEST_TARGET_NAME = WeatherHere;
			};
			name = Release;
		};
/* End XCBuildConfiguration section */

/* Begin XCConfigurationList section */
		453B80762A31AEFD00E7D9B3 /* Build configuration list for PBXProject "WeatherHere" */ = {
			isa = XCConfigurationList;
			buildConfigurations = (
				453B80A32A31AEFE00E7D9B3 /* Debug */,
				453B80A42A31AEFE00E7D9B3 /* Release */,
			);
			defaultConfigurationIsVisible = 0;
			defaultConfigurationName = Release;
		};
		453B80A52A31AEFE00E7D9B3 /* Build configuration list for PBXNativeTarget "WeatherHere" */ = {
			isa = XCConfigurationList;
			buildConfigurations = (
				453B80A62A31AEFE00E7D9B3 /* Debug */,
				453B80A72A31AEFE00E7D9B3 /* Release */,
			);
			defaultConfigurationIsVisible = 0;
			defaultConfigurationName = Release;
		};
		453B80A82A31AEFE00E7D9B3 /* Build configuration list for PBXNativeTarget "WeatherHereTests" */ = {
			isa = XCConfigurationList;
			buildConfigurations = (
				453B80A92A31AEFE00E7D9B3 /* Debug */,
				453B80AA2A31AEFE00E7D9B3 /* Release */,
			);
			defaultConfigurationIsVisible = 0;
			defaultConfigurationName = Release;
		};
		453B80AB2A31AEFE00E7D9B3 /* Build configuration list for PBXNativeTarget "WeatherHereUITests" */ = {
			isa = XCConfigurationList;
			buildConfigurations = (
				453B80AC2A31AEFE00E7D9B3 /* Debug */,
				453B80AD2A31AEFE00E7D9B3 /* Release */,
			);
			defaultConfigurationIsVisible = 0;
			defaultConfigurationName = Release;
		};
/* End XCConfigurationList section */
	};
	rootObject = 453B80732A31AEFD00E7D9B3 /* Project object */;
}
